
Microsoft Visual Studio Solution File, Format Version 12.00
# Visual Studio Version 17
VisualStudioVersion = 17.11.35303.130
MinimumVisualStudioVersion = 10.0.40219.1
Project("{888888A0-9F3D-457C-B088-3A5042F75D52}") = "ToDoList", "ToDoList.pyproj", "{E2BEC7DE-24EC-416D-B55D-2C060CF30813}"
EndProject
Global
	GlobalSection(SolutionConfigurationPlatforms) = preSolution
		Debug|Any CPU = Debug|Any CPU
		Release|Any CPU = Release|Any CPU
	EndGlobalSection
	GlobalSection(ProjectConfigurationPlatforms) = postSolution
		{E2BEC7DE-24EC-416D-B55D-2C060CF30813}.Debug|Any CPU.ActiveCfg = Debug|Any CPU
		{E2BEC7DE-24EC-416D-B55D-2C060CF30813}.Release|Any CPU.ActiveCfg = Release|Any CPU
	EndGlobalSection
	GlobalSection(SolutionProperties) = preSolution
		HideSolutionNode = FALSE
	EndGlobalSection
	GlobalSection(ExtensibilityGlobals) = postSolution
		SolutionGuid = {E42174C5-82C4-47A9-8D33-793C34938E8A}
	EndGlobalSection
EndGlobal
